// !$*UTF8*$!
{
	archiveVersion = 1;
	classes = {
	};
	objectVersion = 56;
	objects = {

/* Begin PBXBuildFile section */
		401292872A40F155006DB4CF /* SplashScreenView.swift in Sources */ = {isa = PBXBuildFile; fileRef = 401292862A40F155006DB4CF /* SplashScreenView.swift */; };
		40497BAA2A31259900E6D3B5 /* ListRowComponent.swift in Sources */ = {isa = PBXBuildFile; fileRef = 40497BA92A31259900E6D3B5 /* ListRowComponent.swift */; };
		40497BAC2A32E5F600E6D3B5 /* InfoView.swift in Sources */ = {isa = PBXBuildFile; fileRef = 40497BAB2A32E5F600E6D3B5 /* InfoView.swift */; };
		40497BAE2A32E68500E6D3B5 /* ButtonComponent.swift in Sources */ = {isa = PBXBuildFile; fileRef = 40497BAD2A32E68500E6D3B5 /* ButtonComponent.swift */; };
		4074E0432A55FFBA00C5A46E /* TagView.swift in Sources */ = {isa = PBXBuildFile; fileRef = 4074E0422A55FFBA00C5A46E /* TagView.swift */; };
		4074E0452A5611C400C5A46E /* TagComponent.swift in Sources */ = {isa = PBXBuildFile; fileRef = 4074E0442A5611C400C5A46E /* TagComponent.swift */; };
		4085CBAB2A30106A00DAC6CA /* ToolbarComponent.swift in Sources */ = {isa = PBXBuildFile; fileRef = 4085CBAA2A30106A00DAC6CA /* ToolbarComponent.swift */; };
		4085CBAD2A30207200DAC6CA /* SearchBarComponent.swift in Sources */ = {isa = PBXBuildFile; fileRef = 4085CBAC2A30207200DAC6CA /* SearchBarComponent.swift */; };
		4085CBAF2A302B9000DAC6CA /* FilterComponent.swift in Sources */ = {isa = PBXBuildFile; fileRef = 4085CBAE2A302B9000DAC6CA /* FilterComponent.swift */; };
		4097FDED2A2FC28A001EAB03 /* TextPreviewComponent.swift in Sources */ = {isa = PBXBuildFile; fileRef = 4097FDEC2A2FC28A001EAB03 /* TextPreviewComponent.swift */; };
		4097FDFD2A2FC7C7001EAB03 /* ImagePreviewComponent.swift in Sources */ = {isa = PBXBuildFile; fileRef = 4097FDFC2A2FC7C7001EAB03 /* ImagePreviewComponent.swift */; };
		4097FDFE2A2FC7C7001EAB03 /* ImagePreviewComponent.swift in Sources */ = {isa = PBXBuildFile; fileRef = 4097FDFC2A2FC7C7001EAB03 /* ImagePreviewComponent.swift */; };
		4097FDFF2A2FC7C7001EAB03 /* ImagePreviewComponent.swift in Sources */ = {isa = PBXBuildFile; fileRef = 4097FDFC2A2FC7C7001EAB03 /* ImagePreviewComponent.swift */; };
		4097FE012A2FCC15001EAB03 /* AudioPreviewComponent.swift in Sources */ = {isa = PBXBuildFile; fileRef = 4097FE002A2FCC15001EAB03 /* AudioPreviewComponent.swift */; };
		4097FE022A2FCC15001EAB03 /* AudioPreviewComponent.swift in Sources */ = {isa = PBXBuildFile; fileRef = 4097FE002A2FCC15001EAB03 /* AudioPreviewComponent.swift */; };
		4097FE032A2FCC15001EAB03 /* AudioPreviewComponent.swift in Sources */ = {isa = PBXBuildFile; fileRef = 4097FE002A2FCC15001EAB03 /* AudioPreviewComponent.swift */; };
		4097FE052A2FD3B3001EAB03 /* HomeView.swift in Sources */ = {isa = PBXBuildFile; fileRef = 4097FE042A2FD3B3001EAB03 /* HomeView.swift */; };
		4097FE062A2FD3B3001EAB03 /* HomeView.swift in Sources */ = {isa = PBXBuildFile; fileRef = 4097FE042A2FD3B3001EAB03 /* HomeView.swift */; };
		4097FE072A2FD3B3001EAB03 /* HomeView.swift in Sources */ = {isa = PBXBuildFile; fileRef = 4097FE042A2FD3B3001EAB03 /* HomeView.swift */; };
		40AAA7ED2A3103DE00943CBF /* SegmentedPickerComponent.swift in Sources */ = {isa = PBXBuildFile; fileRef = 40AAA7EC2A3103DE00943CBF /* SegmentedPickerComponent.swift */; };
		40E859562A3B8FC500F2BC0E /* MenuEditComponent.swift in Sources */ = {isa = PBXBuildFile; fileRef = 40E859552A3B8FC500F2BC0E /* MenuEditComponent.swift */; };
		40E8595A2A3BAD2900F2BC0E /* CustomBackButtonComponent.swift in Sources */ = {isa = PBXBuildFile; fileRef = 40E859592A3BAD2900F2BC0E /* CustomBackButtonComponent.swift */; };
		40E8595C2A3BB6AD00F2BC0E /* PlaceholderComponent.swift in Sources */ = {isa = PBXBuildFile; fileRef = 40E8595B2A3BB6AD00F2BC0E /* PlaceholderComponent.swift */; };
		430A99852A27C1C100D2F773 /* CameraViewModel.swift in Sources */ = {isa = PBXBuildFile; fileRef = 430A99842A27C1C100D2F773 /* CameraViewModel.swift */; };
		430A99872A27C8DD00D2F773 /* PhotoIdeaView.swift in Sources */ = {isa = PBXBuildFile; fileRef = 430A99862A27C8DD00D2F773 /* PhotoIdeaView.swift */; };
		43211D3B2A268DAC005C85E5 /* CameraRepresentable.swift in Sources */ = {isa = PBXBuildFile; fileRef = 43211D3A2A268DAC005C85E5 /* CameraRepresentable.swift */; };
		438732F72A2694C000320451 /* PhotoModel.swift in Sources */ = {isa = PBXBuildFile; fileRef = 438732F62A2694C000320451 /* PhotoModel.swift */; };
		912811EE2A291D1300010872 /* CheckAudioView.swift in Sources */ = {isa = PBXBuildFile; fileRef = 912811ED2A291D1300010872 /* CheckAudioView.swift */; };
		912811F02A29275400010872 /* DateHelper.swift in Sources */ = {isa = PBXBuildFile; fileRef = 912811EF2A29275400010872 /* DateHelper.swift */; };
		916E0FB42A268B3900F4FA87 /* AudioManager.swift in Sources */ = {isa = PBXBuildFile; fileRef = 916E0FB32A268B3900F4FA87 /* AudioManager.swift */; };
		916E0FBC2A268BAA00F4FA87 /* IdeaSaver.swift in Sources */ = {isa = PBXBuildFile; fileRef = 916E0FBB2A268BAA00F4FA87 /* IdeaSaver.swift */; };
		916E0FBE2A268BBE00F4FA87 /* Idea.swift in Sources */ = {isa = PBXBuildFile; fileRef = 916E0FBD2A268BBE00F4FA87 /* Idea.swift */; };
		916E0FC32A268BEA00F4FA87 /* AudioIdea.swift in Sources */ = {isa = PBXBuildFile; fileRef = 916E0FC22A268BEA00F4FA87 /* AudioIdea.swift */; };
		916E0FC52A268C0400F4FA87 /* RecordAudio.swift in Sources */ = {isa = PBXBuildFile; fileRef = 916E0FC42A268C0400F4FA87 /* RecordAudio.swift */; };
		916E0FC82A268C2000F4FA87 /* RecordAudioPrototype.swift in Sources */ = {isa = PBXBuildFile; fileRef = 916E0FC72A268C2000F4FA87 /* RecordAudioPrototype.swift */; };
		916E0FCA2A268CAC00F4FA87 /* IdeaSaverTests.swift in Sources */ = {isa = PBXBuildFile; fileRef = 916E0FC92A268CAC00F4FA87 /* IdeaSaverTests.swift */; };
		91761CBC2A31231400BD1417 /* TextViewModelTests.swift in Sources */ = {isa = PBXBuildFile; fileRef = 91761CBB2A31231400BD1417 /* TextViewModelTests.swift */; };
		918C7DC12A27C1A700C36A53 /* HomeAudioPrototype.swift in Sources */ = {isa = PBXBuildFile; fileRef = 918C7DC02A27C1A700C36A53 /* HomeAudioPrototype.swift */; };
		918C7DC32A27C29200C36A53 /* RecordAudioView.swift in Sources */ = {isa = PBXBuildFile; fileRef = 918C7DC22A27C29200C36A53 /* RecordAudioView.swift */; };
		918C7DC52A27D00900C36A53 /* AudioReprodutionComponent.swift in Sources */ = {isa = PBXBuildFile; fileRef = 918C7DC42A27D00900C36A53 /* AudioReprodutionComponent.swift */; };
		918C7DC82A27EDB000C36A53 /* ColorHelper.swift in Sources */ = {isa = PBXBuildFile; fileRef = 918C7DC72A27EDB000C36A53 /* ColorHelper.swift */; };
		918E6A132A40CA800017CF1B /* BackAction.swift in Sources */ = {isa = PBXBuildFile; fileRef = 918E6A122A40CA800017CF1B /* BackAction.swift */; };
		91C237122A4CD91600C9208C /* InfoPlist.strings in Resources */ = {isa = PBXBuildFile; fileRef = 91C237142A4CD91600C9208C /* InfoPlist.strings */; };
		91DB2B4E2A2A5FA300EC8176 /* ContentDirectoryHelper.swift in Sources */ = {isa = PBXBuildFile; fileRef = 91DB2B4D2A2A5FA300EC8176 /* ContentDirectoryHelper.swift */; };
		91EDECC92A424B2E008E5CAA /* Sen-Bold.ttf in Resources */ = {isa = PBXBuildFile; fileRef = 91EDECC62A424B2E008E5CAA /* Sen-Bold.ttf */; };
		91EDECCA2A424B2E008E5CAA /* Sen-Bold.ttf in Resources */ = {isa = PBXBuildFile; fileRef = 91EDECC62A424B2E008E5CAA /* Sen-Bold.ttf */; };
		91EDECCB2A424B2E008E5CAA /* Sen-Bold.ttf in Resources */ = {isa = PBXBuildFile; fileRef = 91EDECC62A424B2E008E5CAA /* Sen-Bold.ttf */; };
		91EDECCC2A424B2E008E5CAA /* Sen-ExtraBold.ttf in Resources */ = {isa = PBXBuildFile; fileRef = 91EDECC72A424B2E008E5CAA /* Sen-ExtraBold.ttf */; };
		91EDECCD2A424B2E008E5CAA /* Sen-ExtraBold.ttf in Resources */ = {isa = PBXBuildFile; fileRef = 91EDECC72A424B2E008E5CAA /* Sen-ExtraBold.ttf */; };
		91EDECCE2A424B2E008E5CAA /* Sen-ExtraBold.ttf in Resources */ = {isa = PBXBuildFile; fileRef = 91EDECC72A424B2E008E5CAA /* Sen-ExtraBold.ttf */; };
		91EDECCF2A424B2E008E5CAA /* Sen-Regular.ttf in Resources */ = {isa = PBXBuildFile; fileRef = 91EDECC82A424B2E008E5CAA /* Sen-Regular.ttf */; };
		91EDECD02A424B2E008E5CAA /* Sen-Regular.ttf in Resources */ = {isa = PBXBuildFile; fileRef = 91EDECC82A424B2E008E5CAA /* Sen-Regular.ttf */; };
		91EDECD12A424B2E008E5CAA /* Sen-Regular.ttf in Resources */ = {isa = PBXBuildFile; fileRef = 91EDECC82A424B2E008E5CAA /* Sen-Regular.ttf */; };
		D12495472A268A720063C634 /* MacroChallengeApp.swift in Sources */ = {isa = PBXBuildFile; fileRef = D12495462A268A720063C634 /* MacroChallengeApp.swift */; };
		D12495492A268A720063C634 /* ContentView.swift in Sources */ = {isa = PBXBuildFile; fileRef = D12495482A268A720063C634 /* ContentView.swift */; };
		D124954B2A268A730063C634 /* Assets.xcassets in Resources */ = {isa = PBXBuildFile; fileRef = D124954A2A268A730063C634 /* Assets.xcassets */; };
		D124954E2A268A730063C634 /* Preview Assets.xcassets in Resources */ = {isa = PBXBuildFile; fileRef = D124954D2A268A730063C634 /* Preview Assets.xcassets */; };
		D12495582A268A730063C634 /* MacroChallengeTests.swift in Sources */ = {isa = PBXBuildFile; fileRef = D12495572A268A730063C634 /* MacroChallengeTests.swift */; };
		D12495622A268A730063C634 /* MacroChallengeUITests.swift in Sources */ = {isa = PBXBuildFile; fileRef = D12495612A268A730063C634 /* MacroChallengeUITests.swift */; };
		D12495642A268A730063C634 /* MacroChallengeUITestsLaunchTests.swift in Sources */ = {isa = PBXBuildFile; fileRef = D12495632A268A730063C634 /* MacroChallengeUITestsLaunchTests.swift */; };
		D135A6BD2A268FC6009C1938 /* ModelText.swift in Sources */ = {isa = PBXBuildFile; fileRef = D135A6BC2A268FC6009C1938 /* ModelText.swift */; };
		D135A6C32A26900F009C1938 /* AppState.swift in Sources */ = {isa = PBXBuildFile; fileRef = D135A6C22A26900F009C1938 /* AppState.swift */; };
		D135A6CD2A2690B2009C1938 /* TextRegisterView.swift in Sources */ = {isa = PBXBuildFile; fileRef = D135A6CC2A2690B2009C1938 /* TextRegisterView.swift */; };
		D135A6D12A2690F8009C1938 /* EditRegisterView.swift in Sources */ = {isa = PBXBuildFile; fileRef = D135A6D02A2690F8009C1938 /* EditRegisterView.swift */; };
		D1519E0E2A27E9D000CE84E1 /* TextViewModel.swift in Sources */ = {isa = PBXBuildFile; fileRef = D1519E0D2A27E9D000CE84E1 /* TextViewModel.swift */; };
		D153ACD02A3B82D500DE9A79 /* IdeasViewModel.swift in Sources */ = {isa = PBXBuildFile; fileRef = D153ACCF2A3B82D500DE9A79 /* IdeasViewModel.swift */; };
		D153ACD32A3CDE9600DE9A79 /* Localizable.strings in Resources */ = {isa = PBXBuildFile; fileRef = D153ACD52A3CDE9600DE9A79 /* Localizable.strings */; };
		D179E8CF2A549EB200E21A07 /* Tag.swift in Sources */ = {isa = PBXBuildFile; fileRef = D179E8CE2A549EB200E21A07 /* Tag.swift */; };
		D189F12D2A5C7A07009F6488 /* TagLabelComponent.swift in Sources */ = {isa = PBXBuildFile; fileRef = D189F12C2A5C7A07009F6488 /* TagLabelComponent.swift */; };
		D189F12F2A5C983C009F6488 /* IdeaTagViewerComponent.swift in Sources */ = {isa = PBXBuildFile; fileRef = D189F12E2A5C983C009F6488 /* IdeaTagViewerComponent.swift */; };
		D1D409542A30B77B00F0B99B /* FavoriteIdeaSpec.swift in Sources */ = {isa = PBXBuildFile; fileRef = D1D409532A30B77B00F0B99B /* FavoriteIdeaSpec.swift */; };
		D1ECF5382A421A2600631333 /* ButtonFavoriteComponent.swift in Sources */ = {isa = PBXBuildFile; fileRef = D1ECF5372A421A2600631333 /* ButtonFavoriteComponent.swift */; };
/* End PBXBuildFile section */

/* Begin PBXContainerItemProxy section */
		D12495542A268A730063C634 /* PBXContainerItemProxy */ = {
			isa = PBXContainerItemProxy;
			containerPortal = D124953B2A268A720063C634 /* Project object */;
			proxyType = 1;
			remoteGlobalIDString = D12495422A268A720063C634;
			remoteInfo = MacroChallenge;
		};
		D124955E2A268A730063C634 /* PBXContainerItemProxy */ = {
			isa = PBXContainerItemProxy;
			containerPortal = D124953B2A268A720063C634 /* Project object */;
			proxyType = 1;
			remoteGlobalIDString = D12495422A268A720063C634;
			remoteInfo = MacroChallenge;
		};
/* End PBXContainerItemProxy section */

/* Begin PBXFileReference section */
		401292862A40F155006DB4CF /* SplashScreenView.swift */ = {isa = PBXFileReference; lastKnownFileType = sourcecode.swift; path = SplashScreenView.swift; sourceTree = "<group>"; };
		40497BA92A31259900E6D3B5 /* ListRowComponent.swift */ = {isa = PBXFileReference; lastKnownFileType = sourcecode.swift; path = ListRowComponent.swift; sourceTree = "<group>"; };
		40497BAB2A32E5F600E6D3B5 /* InfoView.swift */ = {isa = PBXFileReference; lastKnownFileType = sourcecode.swift; path = InfoView.swift; sourceTree = "<group>"; };
		40497BAD2A32E68500E6D3B5 /* ButtonComponent.swift */ = {isa = PBXFileReference; lastKnownFileType = sourcecode.swift; path = ButtonComponent.swift; sourceTree = "<group>"; };
		4074E0422A55FFBA00C5A46E /* TagView.swift */ = {isa = PBXFileReference; lastKnownFileType = sourcecode.swift; path = TagView.swift; sourceTree = "<group>"; };
		4074E0442A5611C400C5A46E /* TagComponent.swift */ = {isa = PBXFileReference; lastKnownFileType = sourcecode.swift; path = TagComponent.swift; sourceTree = "<group>"; };
		4085CBAA2A30106A00DAC6CA /* ToolbarComponent.swift */ = {isa = PBXFileReference; lastKnownFileType = sourcecode.swift; path = ToolbarComponent.swift; sourceTree = "<group>"; };
		4085CBAC2A30207200DAC6CA /* SearchBarComponent.swift */ = {isa = PBXFileReference; lastKnownFileType = sourcecode.swift; path = SearchBarComponent.swift; sourceTree = "<group>"; };
		4085CBAE2A302B9000DAC6CA /* FilterComponent.swift */ = {isa = PBXFileReference; lastKnownFileType = sourcecode.swift; path = FilterComponent.swift; sourceTree = "<group>"; };
		4097FDEC2A2FC28A001EAB03 /* TextPreviewComponent.swift */ = {isa = PBXFileReference; lastKnownFileType = sourcecode.swift; path = TextPreviewComponent.swift; sourceTree = "<group>"; };
		4097FDFB2A2FC5F2001EAB03 /* Info.plist */ = {isa = PBXFileReference; lastKnownFileType = text.plist; path = Info.plist; sourceTree = "<group>"; };
		4097FDFC2A2FC7C7001EAB03 /* ImagePreviewComponent.swift */ = {isa = PBXFileReference; lastKnownFileType = sourcecode.swift; path = ImagePreviewComponent.swift; sourceTree = "<group>"; };
		4097FE002A2FCC15001EAB03 /* AudioPreviewComponent.swift */ = {isa = PBXFileReference; lastKnownFileType = sourcecode.swift; path = AudioPreviewComponent.swift; sourceTree = "<group>"; };
		4097FE042A2FD3B3001EAB03 /* HomeView.swift */ = {isa = PBXFileReference; lastKnownFileType = sourcecode.swift; path = HomeView.swift; sourceTree = "<group>"; };
		40AAA7EC2A3103DE00943CBF /* SegmentedPickerComponent.swift */ = {isa = PBXFileReference; lastKnownFileType = sourcecode.swift; path = SegmentedPickerComponent.swift; sourceTree = "<group>"; };
		40E859552A3B8FC500F2BC0E /* MenuEditComponent.swift */ = {isa = PBXFileReference; lastKnownFileType = sourcecode.swift; path = MenuEditComponent.swift; sourceTree = "<group>"; };
		40E859592A3BAD2900F2BC0E /* CustomBackButtonComponent.swift */ = {isa = PBXFileReference; lastKnownFileType = sourcecode.swift; path = CustomBackButtonComponent.swift; sourceTree = "<group>"; };
		40E8595B2A3BB6AD00F2BC0E /* PlaceholderComponent.swift */ = {isa = PBXFileReference; lastKnownFileType = sourcecode.swift; path = PlaceholderComponent.swift; sourceTree = "<group>"; };
		430A99842A27C1C100D2F773 /* CameraViewModel.swift */ = {isa = PBXFileReference; lastKnownFileType = sourcecode.swift; path = CameraViewModel.swift; sourceTree = "<group>"; };
		430A99862A27C8DD00D2F773 /* PhotoIdeaView.swift */ = {isa = PBXFileReference; lastKnownFileType = sourcecode.swift; path = PhotoIdeaView.swift; sourceTree = "<group>"; };
		43211D3A2A268DAC005C85E5 /* CameraRepresentable.swift */ = {isa = PBXFileReference; lastKnownFileType = sourcecode.swift; path = CameraRepresentable.swift; sourceTree = "<group>"; };
		438732F62A2694C000320451 /* PhotoModel.swift */ = {isa = PBXFileReference; lastKnownFileType = sourcecode.swift; path = PhotoModel.swift; sourceTree = "<group>"; };
		912811ED2A291D1300010872 /* CheckAudioView.swift */ = {isa = PBXFileReference; lastKnownFileType = sourcecode.swift; path = CheckAudioView.swift; sourceTree = "<group>"; };
		912811EF2A29275400010872 /* DateHelper.swift */ = {isa = PBXFileReference; lastKnownFileType = sourcecode.swift; path = DateHelper.swift; sourceTree = "<group>"; };
		916E0FB32A268B3900F4FA87 /* AudioManager.swift */ = {isa = PBXFileReference; lastKnownFileType = sourcecode.swift; path = AudioManager.swift; sourceTree = "<group>"; };
		916E0FBB2A268BAA00F4FA87 /* IdeaSaver.swift */ = {isa = PBXFileReference; lastKnownFileType = sourcecode.swift; path = IdeaSaver.swift; sourceTree = "<group>"; };
		916E0FBD2A268BBE00F4FA87 /* Idea.swift */ = {isa = PBXFileReference; lastKnownFileType = sourcecode.swift; path = Idea.swift; sourceTree = "<group>"; };
		916E0FC22A268BEA00F4FA87 /* AudioIdea.swift */ = {isa = PBXFileReference; lastKnownFileType = sourcecode.swift; path = AudioIdea.swift; sourceTree = "<group>"; };
		916E0FC42A268C0400F4FA87 /* RecordAudio.swift */ = {isa = PBXFileReference; lastKnownFileType = sourcecode.swift; path = RecordAudio.swift; sourceTree = "<group>"; };
		916E0FC72A268C2000F4FA87 /* RecordAudioPrototype.swift */ = {isa = PBXFileReference; lastKnownFileType = sourcecode.swift; path = RecordAudioPrototype.swift; sourceTree = "<group>"; };
		916E0FC92A268CAC00F4FA87 /* IdeaSaverTests.swift */ = {isa = PBXFileReference; lastKnownFileType = sourcecode.swift; path = IdeaSaverTests.swift; sourceTree = "<group>"; };
		91761CBB2A31231400BD1417 /* TextViewModelTests.swift */ = {isa = PBXFileReference; lastKnownFileType = sourcecode.swift; path = TextViewModelTests.swift; sourceTree = "<group>"; };
		918C7DC02A27C1A700C36A53 /* HomeAudioPrototype.swift */ = {isa = PBXFileReference; lastKnownFileType = sourcecode.swift; path = HomeAudioPrototype.swift; sourceTree = "<group>"; };
		918C7DC22A27C29200C36A53 /* RecordAudioView.swift */ = {isa = PBXFileReference; lastKnownFileType = sourcecode.swift; path = RecordAudioView.swift; sourceTree = "<group>"; };
		918C7DC42A27D00900C36A53 /* AudioReprodutionComponent.swift */ = {isa = PBXFileReference; lastKnownFileType = sourcecode.swift; path = AudioReprodutionComponent.swift; sourceTree = "<group>"; };
		918C7DC72A27EDB000C36A53 /* ColorHelper.swift */ = {isa = PBXFileReference; lastKnownFileType = sourcecode.swift; path = ColorHelper.swift; sourceTree = "<group>"; };
		918E6A122A40CA800017CF1B /* BackAction.swift */ = {isa = PBXFileReference; lastKnownFileType = sourcecode.swift; path = BackAction.swift; sourceTree = "<group>"; };
		91C237132A4CD91600C9208C /* en */ = {isa = PBXFileReference; lastKnownFileType = text.plist.strings; name = en; path = en.lproj/InfoPlist.strings; sourceTree = "<group>"; };
		91C237152A4CD91900C9208C /* pt-BR */ = {isa = PBXFileReference; lastKnownFileType = text.plist.strings; name = "pt-BR"; path = "pt-BR.lproj/InfoPlist.strings"; sourceTree = "<group>"; };
		91DB2B4D2A2A5FA300EC8176 /* ContentDirectoryHelper.swift */ = {isa = PBXFileReference; lastKnownFileType = sourcecode.swift; path = ContentDirectoryHelper.swift; sourceTree = "<group>"; };
		91EDECC62A424B2E008E5CAA /* Sen-Bold.ttf */ = {isa = PBXFileReference; lastKnownFileType = file; name = "Sen-Bold.ttf"; path = "MacroChallenge/Fonts/Sen-Bold.ttf"; sourceTree = SOURCE_ROOT; };
		91EDECC72A424B2E008E5CAA /* Sen-ExtraBold.ttf */ = {isa = PBXFileReference; lastKnownFileType = file; name = "Sen-ExtraBold.ttf"; path = "MacroChallenge/Fonts/Sen-ExtraBold.ttf"; sourceTree = SOURCE_ROOT; };
		91EDECC82A424B2E008E5CAA /* Sen-Regular.ttf */ = {isa = PBXFileReference; lastKnownFileType = file; name = "Sen-Regular.ttf"; path = "MacroChallenge/Fonts/Sen-Regular.ttf"; sourceTree = SOURCE_ROOT; };
		D12495432A268A720063C634 /* MacroChallenge.app */ = {isa = PBXFileReference; explicitFileType = wrapper.application; includeInIndex = 0; path = MacroChallenge.app; sourceTree = BUILT_PRODUCTS_DIR; };
		D12495462A268A720063C634 /* MacroChallengeApp.swift */ = {isa = PBXFileReference; lastKnownFileType = sourcecode.swift; path = MacroChallengeApp.swift; sourceTree = "<group>"; };
		D12495482A268A720063C634 /* ContentView.swift */ = {isa = PBXFileReference; lastKnownFileType = sourcecode.swift; path = ContentView.swift; sourceTree = "<group>"; };
		D124954A2A268A730063C634 /* Assets.xcassets */ = {isa = PBXFileReference; lastKnownFileType = folder.assetcatalog; path = Assets.xcassets; sourceTree = "<group>"; };
		D124954D2A268A730063C634 /* Preview Assets.xcassets */ = {isa = PBXFileReference; lastKnownFileType = folder.assetcatalog; path = "Preview Assets.xcassets"; sourceTree = "<group>"; };
		D12495532A268A730063C634 /* MacroChallengeTests.xctest */ = {isa = PBXFileReference; explicitFileType = wrapper.cfbundle; includeInIndex = 0; path = MacroChallengeTests.xctest; sourceTree = BUILT_PRODUCTS_DIR; };
		D12495572A268A730063C634 /* MacroChallengeTests.swift */ = {isa = PBXFileReference; lastKnownFileType = sourcecode.swift; path = MacroChallengeTests.swift; sourceTree = "<group>"; };
		D124955D2A268A730063C634 /* MacroChallengeUITests.xctest */ = {isa = PBXFileReference; explicitFileType = wrapper.cfbundle; includeInIndex = 0; path = MacroChallengeUITests.xctest; sourceTree = BUILT_PRODUCTS_DIR; };
		D12495612A268A730063C634 /* MacroChallengeUITests.swift */ = {isa = PBXFileReference; lastKnownFileType = sourcecode.swift; path = MacroChallengeUITests.swift; sourceTree = "<group>"; };
		D12495632A268A730063C634 /* MacroChallengeUITestsLaunchTests.swift */ = {isa = PBXFileReference; lastKnownFileType = sourcecode.swift; path = MacroChallengeUITestsLaunchTests.swift; sourceTree = "<group>"; };
		D135A6BC2A268FC6009C1938 /* ModelText.swift */ = {isa = PBXFileReference; lastKnownFileType = sourcecode.swift; path = ModelText.swift; sourceTree = "<group>"; };
		D135A6C22A26900F009C1938 /* AppState.swift */ = {isa = PBXFileReference; lastKnownFileType = sourcecode.swift; path = AppState.swift; sourceTree = "<group>"; };
		D135A6CC2A2690B2009C1938 /* TextRegisterView.swift */ = {isa = PBXFileReference; lastKnownFileType = sourcecode.swift; path = TextRegisterView.swift; sourceTree = "<group>"; };
		D135A6D02A2690F8009C1938 /* EditRegisterView.swift */ = {isa = PBXFileReference; lastKnownFileType = sourcecode.swift; path = EditRegisterView.swift; sourceTree = "<group>"; };
		D1519E0D2A27E9D000CE84E1 /* TextViewModel.swift */ = {isa = PBXFileReference; lastKnownFileType = sourcecode.swift; path = TextViewModel.swift; sourceTree = "<group>"; };
		D153ACCF2A3B82D500DE9A79 /* IdeasViewModel.swift */ = {isa = PBXFileReference; lastKnownFileType = sourcecode.swift; path = IdeasViewModel.swift; sourceTree = "<group>"; };
		D153ACD42A3CDE9600DE9A79 /* en */ = {isa = PBXFileReference; lastKnownFileType = text.plist.strings; name = en; path = en.lproj/Localizable.strings; sourceTree = "<group>"; };
		D153ACD62A3CDED200DE9A79 /* pt-BR */ = {isa = PBXFileReference; lastKnownFileType = text.plist.strings; name = "pt-BR"; path = "pt-BR.lproj/Localizable.strings"; sourceTree = "<group>"; };
		D179E8CE2A549EB200E21A07 /* Tag.swift */ = {isa = PBXFileReference; lastKnownFileType = sourcecode.swift; path = Tag.swift; sourceTree = "<group>"; };
		D189F12C2A5C7A07009F6488 /* TagLabelComponent.swift */ = {isa = PBXFileReference; lastKnownFileType = sourcecode.swift; path = TagLabelComponent.swift; sourceTree = "<group>"; };
		D189F12E2A5C983C009F6488 /* IdeaTagViewerComponent.swift */ = {isa = PBXFileReference; lastKnownFileType = sourcecode.swift; path = IdeaTagViewerComponent.swift; sourceTree = "<group>"; };
		D1D409532A30B77B00F0B99B /* FavoriteIdeaSpec.swift */ = {isa = PBXFileReference; lastKnownFileType = sourcecode.swift; path = FavoriteIdeaSpec.swift; sourceTree = "<group>"; };
		D1ECF5372A421A2600631333 /* ButtonFavoriteComponent.swift */ = {isa = PBXFileReference; lastKnownFileType = sourcecode.swift; path = ButtonFavoriteComponent.swift; sourceTree = "<group>"; };
/* End PBXFileReference section */

/* Begin PBXFrameworksBuildPhase section */
		D12495402A268A720063C634 /* Frameworks */ = {
			isa = PBXFrameworksBuildPhase;
			buildActionMask = 2147483647;
			files = (
			);
			runOnlyForDeploymentPostprocessing = 0;
		};
		D12495502A268A730063C634 /* Frameworks */ = {
			isa = PBXFrameworksBuildPhase;
			buildActionMask = 2147483647;
			files = (
			);
			runOnlyForDeploymentPostprocessing = 0;
		};
		D124955A2A268A730063C634 /* Frameworks */ = {
			isa = PBXFrameworksBuildPhase;
			buildActionMask = 2147483647;
			files = (
			);
			runOnlyForDeploymentPostprocessing = 0;
		};
/* End PBXFrameworksBuildPhase section */

/* Begin PBXGroup section */
		4074E0482A56149F00C5A46E /* Tags */ = {
			isa = PBXGroup;
			children = (
				4074E0492A5614AC00C5A46E /* View */,
				4074E04A2A5614B400C5A46E /* Model */,
			);
			path = Tags;
			sourceTree = "<group>";
		};
		4074E0492A5614AC00C5A46E /* View */ = {
			isa = PBXGroup;
			children = (
				4074E04B2A5614CA00C5A46E /* Components */,
				4074E0422A55FFBA00C5A46E /* TagView.swift */,
			);
			path = View;
			sourceTree = "<group>";
		};
		4074E04A2A5614B400C5A46E /* Model */ = {
			isa = PBXGroup;
			children = (
				D179E8CE2A549EB200E21A07 /* Tag.swift */,
			);
			path = Model;
			sourceTree = "<group>";
		};
		4074E04B2A5614CA00C5A46E /* Components */ = {
			isa = PBXGroup;
			children = (
				D189F12E2A5C983C009F6488 /* IdeaTagViewerComponent.swift */,
				D189F12C2A5C7A07009F6488 /* TagLabelComponent.swift */,
				4074E0442A5611C400C5A46E /* TagComponent.swift */,
			);
			path = Components;
			sourceTree = "<group>";
		};
		4097FDEA2A2FC229001EAB03 /* View */ = {
			isa = PBXGroup;
			children = (
				4097FDEB2A2FC239001EAB03 /* Components */,
				4097FE042A2FD3B3001EAB03 /* HomeView.swift */,
				40497BAB2A32E5F600E6D3B5 /* InfoView.swift */,
				401292862A40F155006DB4CF /* SplashScreenView.swift */,
			);
			path = View;
			sourceTree = "<group>";
		};
		4097FDEB2A2FC239001EAB03 /* Components */ = {
			isa = PBXGroup;
			children = (
				4097FDEC2A2FC28A001EAB03 /* TextPreviewComponent.swift */,
				4097FDFC2A2FC7C7001EAB03 /* ImagePreviewComponent.swift */,
				4097FE002A2FCC15001EAB03 /* AudioPreviewComponent.swift */,
				4085CBAA2A30106A00DAC6CA /* ToolbarComponent.swift */,
				4085CBAC2A30207200DAC6CA /* SearchBarComponent.swift */,
				4085CBAE2A302B9000DAC6CA /* FilterComponent.swift */,
				40AAA7EC2A3103DE00943CBF /* SegmentedPickerComponent.swift */,
				40497BA92A31259900E6D3B5 /* ListRowComponent.swift */,
				40497BAD2A32E68500E6D3B5 /* ButtonComponent.swift */,
				40E859552A3B8FC500F2BC0E /* MenuEditComponent.swift */,
				40E859592A3BAD2900F2BC0E /* CustomBackButtonComponent.swift */,
				40E8595B2A3BB6AD00F2BC0E /* PlaceholderComponent.swift */,
				D1ECF5372A421A2600631333 /* ButtonFavoriteComponent.swift */,
			);
			path = Components;
			sourceTree = "<group>";
		};
		4097FDEE2A2FC59F001EAB03 /* fonts */ = {
			isa = PBXGroup;
			children = (
				91EDECC62A424B2E008E5CAA /* Sen-Bold.ttf */,
				91EDECC72A424B2E008E5CAA /* Sen-ExtraBold.ttf */,
				91EDECC82A424B2E008E5CAA /* Sen-Regular.ttf */,
			);
			path = fonts;
			sourceTree = "<group>";
		};
		430A99822A27C17100D2F773 /* View */ = {
			isa = PBXGroup;
			children = (
				430A99862A27C8DD00D2F773 /* PhotoIdeaView.swift */,
			);
			path = View;
			sourceTree = "<group>";
		};
		430A99832A27C1A700D2F773 /* ViewModel */ = {
			isa = PBXGroup;
			children = (
				430A99842A27C1C100D2F773 /* CameraViewModel.swift */,
			);
			path = ViewModel;
			sourceTree = "<group>";
		};
		43211D392A268D92005C85E5 /* PhotoRegister */ = {
			isa = PBXGroup;
			children = (
				430A99832A27C1A700D2F773 /* ViewModel */,
				430A99822A27C17100D2F773 /* View */,
				438732F52A2694AC00320451 /* Model */,
				43211D3A2A268DAC005C85E5 /* CameraRepresentable.swift */,
			);
			path = PhotoRegister;
			sourceTree = "<group>";
		};
		438732F52A2694AC00320451 /* Model */ = {
			isa = PBXGroup;
			children = (
				438732F62A2694C000320451 /* PhotoModel.swift */,
			);
			path = Model;
			sourceTree = "<group>";
		};
		916E0FB02A268B0B00F4FA87 /* Audio */ = {
			isa = PBXGroup;
			children = (
				916E0FB22A268B2C00F4FA87 /* ViewModel */,
			);
			path = Audio;
			sourceTree = "<group>";
		};
		916E0FB12A268B1700F4FA87 /* IdeaRegister */ = {
			isa = PBXGroup;
			children = (
				9195EF242A27054200A839D8 /* Idea */,
				4074E0482A56149F00C5A46E /* Tags */,
				D135A6BB2A268FB0009C1938 /* TextRegister */,
				916E0FB82A268B6B00F4FA87 /* AudioRegister */,
				43211D392A268D92005C85E5 /* PhotoRegister */,
			);
			path = IdeaRegister;
			sourceTree = "<group>";
		};
		916E0FB22A268B2C00F4FA87 /* ViewModel */ = {
			isa = PBXGroup;
			children = (
				916E0FB32A268B3900F4FA87 /* AudioManager.swift */,
			);
			path = ViewModel;
			sourceTree = "<group>";
		};
		916E0FB52A268B5900F4FA87 /* Tests */ = {
			isa = PBXGroup;
			children = (
				916E0FC92A268CAC00F4FA87 /* IdeaSaverTests.swift */,
			);
			path = Tests;
			sourceTree = "<group>";
		};
		916E0FB62A268B5E00F4FA87 /* ViewModel */ = {
			isa = PBXGroup;
			children = (
				916E0FBB2A268BAA00F4FA87 /* IdeaSaver.swift */,
				D153ACCF2A3B82D500DE9A79 /* IdeasViewModel.swift */,
			);
			path = ViewModel;
			sourceTree = "<group>";
		};
		916E0FB72A268B6300F4FA87 /* Model */ = {
			isa = PBXGroup;
			children = (
				916E0FBD2A268BBE00F4FA87 /* Idea.swift */,
			);
			path = Model;
			sourceTree = "<group>";
		};
		916E0FB82A268B6B00F4FA87 /* AudioRegister */ = {
			isa = PBXGroup;
			children = (
				916E0FC12A268BDD00F4FA87 /* View */,
				916E0FC02A268BD700F4FA87 /* ViewModel */,
				916E0FBF2A268BD100F4FA87 /* Model */,
			);
			path = AudioRegister;
			sourceTree = "<group>";
		};
		916E0FBF2A268BD100F4FA87 /* Model */ = {
			isa = PBXGroup;
			children = (
				916E0FC22A268BEA00F4FA87 /* AudioIdea.swift */,
			);
			path = Model;
			sourceTree = "<group>";
		};
		916E0FC02A268BD700F4FA87 /* ViewModel */ = {
			isa = PBXGroup;
			children = (
				916E0FC42A268C0400F4FA87 /* RecordAudio.swift */,
			);
			path = ViewModel;
			sourceTree = "<group>";
		};
		916E0FC12A268BDD00F4FA87 /* View */ = {
			isa = PBXGroup;
			children = (
				916E0FC62A268C0E00F4FA87 /* Prototypes */,
				918C7DC42A27D00900C36A53 /* AudioReprodutionComponent.swift */,
				918C7DC22A27C29200C36A53 /* RecordAudioView.swift */,
				912811ED2A291D1300010872 /* CheckAudioView.swift */,
			);
			path = View;
			sourceTree = "<group>";
		};
		916E0FC62A268C0E00F4FA87 /* Prototypes */ = {
			isa = PBXGroup;
			children = (
				916E0FC72A268C2000F4FA87 /* RecordAudioPrototype.swift */,
				918C7DC02A27C1A700C36A53 /* HomeAudioPrototype.swift */,
			);
			path = Prototypes;
			sourceTree = "<group>";
		};
		91761CBA2A3122F000BD1417 /* Tests */ = {
			isa = PBXGroup;
			children = (
				91761CBB2A31231400BD1417 /* TextViewModelTests.swift */,
			);
			path = Tests;
			sourceTree = "<group>";
		};
		918C7DC62A27EDA100C36A53 /* Helpers */ = {
			isa = PBXGroup;
			children = (
				918C7DC72A27EDB000C36A53 /* ColorHelper.swift */,
				912811EF2A29275400010872 /* DateHelper.swift */,
				91DB2B4D2A2A5FA300EC8176 /* ContentDirectoryHelper.swift */,
				918E6A122A40CA800017CF1B /* BackAction.swift */,
			);
			path = Helpers;
			sourceTree = "<group>";
		};
		9195EF232A27049000A839D8 /* Essentials */ = {
			isa = PBXGroup;
			children = (
				4097FDEE2A2FC59F001EAB03 /* fonts */,
				D12495462A268A720063C634 /* MacroChallengeApp.swift */,
				D12495482A268A720063C634 /* ContentView.swift */,
				D124954A2A268A730063C634 /* Assets.xcassets */,
				D124954C2A268A730063C634 /* Preview Content */,
			);
			path = Essentials;
			sourceTree = "<group>";
		};
		9195EF242A27054200A839D8 /* Idea */ = {
			isa = PBXGroup;
			children = (
				4097FDEA2A2FC229001EAB03 /* View */,
				916E0FB52A268B5900F4FA87 /* Tests */,
				916E0FB62A268B5E00F4FA87 /* ViewModel */,
				916E0FB72A268B6300F4FA87 /* Model */,
			);
			path = Idea;
			sourceTree = "<group>";
		};
		91C237162A4D00B100C9208C /* Localization */ = {
			isa = PBXGroup;
			children = (
				D153ACD52A3CDE9600DE9A79 /* Localizable.strings */,
				91C237142A4CD91600C9208C /* InfoPlist.strings */,
			);
			path = Localization;
			sourceTree = "<group>";
		};
		D124953A2A268A720063C634 = {
			isa = PBXGroup;
			children = (
				D12495452A268A720063C634 /* MacroChallenge */,
				D12495562A268A730063C634 /* MacroChallengeTests */,
				D12495602A268A730063C634 /* MacroChallengeUITests */,
				D12495442A268A720063C634 /* Products */,
			);
			sourceTree = "<group>";
		};
		D12495442A268A720063C634 /* Products */ = {
			isa = PBXGroup;
			children = (
				D12495432A268A720063C634 /* MacroChallenge.app */,
				D12495532A268A730063C634 /* MacroChallengeTests.xctest */,
				D124955D2A268A730063C634 /* MacroChallengeUITests.xctest */,
			);
			name = Products;
			sourceTree = "<group>";
		};
		D12495452A268A720063C634 /* MacroChallenge */ = {
			isa = PBXGroup;
			children = (
				4097FDFB2A2FC5F2001EAB03 /* Info.plist */,
				918C7DC62A27EDA100C36A53 /* Helpers */,
				9195EF232A27049000A839D8 /* Essentials */,
				916E0FB02A268B0B00F4FA87 /* Audio */,
				916E0FB12A268B1700F4FA87 /* IdeaRegister */,
				91C237162A4D00B100C9208C /* Localization */,
			);
			path = MacroChallenge;
			sourceTree = "<group>";
		};
		D124954C2A268A730063C634 /* Preview Content */ = {
			isa = PBXGroup;
			children = (
				D124954D2A268A730063C634 /* Preview Assets.xcassets */,
			);
			path = "Preview Content";
			sourceTree = "<group>";
		};
		D12495562A268A730063C634 /* MacroChallengeTests */ = {
			isa = PBXGroup;
			children = (
				D12495572A268A730063C634 /* MacroChallengeTests.swift */,
				D1D409532A30B77B00F0B99B /* FavoriteIdeaSpec.swift */,
			);
			path = MacroChallengeTests;
			sourceTree = "<group>";
		};
		D12495602A268A730063C634 /* MacroChallengeUITests */ = {
			isa = PBXGroup;
			children = (
				D12495612A268A730063C634 /* MacroChallengeUITests.swift */,
				D12495632A268A730063C634 /* MacroChallengeUITestsLaunchTests.swift */,
			);
			path = MacroChallengeUITests;
			sourceTree = "<group>";
		};
		D135A6BB2A268FB0009C1938 /* TextRegister */ = {
			isa = PBXGroup;
			children = (
				91761CBA2A3122F000BD1417 /* Tests */,
				D135A6C42A26901F009C1938 /* View */,
				D135A6BF2A268FE6009C1938 /* Model */,
				D135A6BE2A268FD9009C1938 /* ViewModel */,
			);
			path = TextRegister;
			sourceTree = "<group>";
		};
		D135A6BE2A268FD9009C1938 /* ViewModel */ = {
			isa = PBXGroup;
			children = (
				D135A6C22A26900F009C1938 /* AppState.swift */,
				D1519E0D2A27E9D000CE84E1 /* TextViewModel.swift */,
			);
			path = ViewModel;
			sourceTree = "<group>";
		};
		D135A6BF2A268FE6009C1938 /* Model */ = {
			isa = PBXGroup;
			children = (
				D135A6BC2A268FC6009C1938 /* ModelText.swift */,
			);
			path = Model;
			sourceTree = "<group>";
		};
		D135A6C42A26901F009C1938 /* View */ = {
			isa = PBXGroup;
			children = (
				D135A6CC2A2690B2009C1938 /* TextRegisterView.swift */,
				D135A6D02A2690F8009C1938 /* EditRegisterView.swift */,
			);
			path = View;
			sourceTree = "<group>";
		};
/* End PBXGroup section */

/* Begin PBXNativeTarget section */
		D12495422A268A720063C634 /* MacroChallenge */ = {
			isa = PBXNativeTarget;
			buildConfigurationList = D12495672A268A730063C634 /* Build configuration list for PBXNativeTarget "MacroChallenge" */;
			buildPhases = (
				D124953F2A268A720063C634 /* Sources */,
				D12495402A268A720063C634 /* Frameworks */,
				D12495412A268A720063C634 /* Resources */,
			);
			buildRules = (
			);
			dependencies = (
			);
			name = MacroChallenge;
			productName = MacroChallenge;
			productReference = D12495432A268A720063C634 /* MacroChallenge.app */;
			productType = "com.apple.product-type.application";
		};
		D12495522A268A730063C634 /* MacroChallengeTests */ = {
			isa = PBXNativeTarget;
			buildConfigurationList = D124956A2A268A730063C634 /* Build configuration list for PBXNativeTarget "MacroChallengeTests" */;
			buildPhases = (
				D124954F2A268A730063C634 /* Sources */,
				D12495502A268A730063C634 /* Frameworks */,
				D12495512A268A730063C634 /* Resources */,
			);
			buildRules = (
			);
			dependencies = (
				D12495552A268A730063C634 /* PBXTargetDependency */,
			);
			name = MacroChallengeTests;
			productName = MacroChallengeTests;
			productReference = D12495532A268A730063C634 /* MacroChallengeTests.xctest */;
			productType = "com.apple.product-type.bundle.unit-test";
		};
		D124955C2A268A730063C634 /* MacroChallengeUITests */ = {
			isa = PBXNativeTarget;
			buildConfigurationList = D124956D2A268A730063C634 /* Build configuration list for PBXNativeTarget "MacroChallengeUITests" */;
			buildPhases = (
				D12495592A268A730063C634 /* Sources */,
				D124955A2A268A730063C634 /* Frameworks */,
				D124955B2A268A730063C634 /* Resources */,
			);
			buildRules = (
			);
			dependencies = (
				D124955F2A268A730063C634 /* PBXTargetDependency */,
			);
			name = MacroChallengeUITests;
			productName = MacroChallengeUITests;
			productReference = D124955D2A268A730063C634 /* MacroChallengeUITests.xctest */;
			productType = "com.apple.product-type.bundle.ui-testing";
		};
/* End PBXNativeTarget section */

/* Begin PBXProject section */
		D124953B2A268A720063C634 /* Project object */ = {
			isa = PBXProject;
			attributes = {
				BuildIndependentTargetsInParallel = 1;
				LastSwiftUpdateCheck = 1430;
				LastUpgradeCheck = 1430;
				TargetAttributes = {
					D12495422A268A720063C634 = {
						CreatedOnToolsVersion = 14.3;
					};
					D12495522A268A730063C634 = {
						CreatedOnToolsVersion = 14.3;
						TestTargetID = D12495422A268A720063C634;
					};
					D124955C2A268A730063C634 = {
						CreatedOnToolsVersion = 14.3;
						TestTargetID = D12495422A268A720063C634;
					};
				};
			};
			buildConfigurationList = D124953E2A268A720063C634 /* Build configuration list for PBXProject "MacroChallenge" */;
			compatibilityVersion = "Xcode 14.0";
			developmentRegion = en;
			hasScannedForEncodings = 0;
			knownRegions = (
				en,
				Base,
				"pt-BR",
			);
			mainGroup = D124953A2A268A720063C634;
			productRefGroup = D12495442A268A720063C634 /* Products */;
			projectDirPath = "";
			projectRoot = "";
			targets = (
				D12495422A268A720063C634 /* MacroChallenge */,
				D12495522A268A730063C634 /* MacroChallengeTests */,
				D124955C2A268A730063C634 /* MacroChallengeUITests */,
			);
		};
/* End PBXProject section */

/* Begin PBXResourcesBuildPhase section */
		D12495412A268A720063C634 /* Resources */ = {
			isa = PBXResourcesBuildPhase;
			buildActionMask = 2147483647;
			files = (
				91EDECCF2A424B2E008E5CAA /* Sen-Regular.ttf in Resources */,
				91C237122A4CD91600C9208C /* InfoPlist.strings in Resources */,
				91EDECC92A424B2E008E5CAA /* Sen-Bold.ttf in Resources */,
				D153ACD32A3CDE9600DE9A79 /* Localizable.strings in Resources */,
				91EDECCC2A424B2E008E5CAA /* Sen-ExtraBold.ttf in Resources */,
				D124954E2A268A730063C634 /* Preview Assets.xcassets in Resources */,
				D124954B2A268A730063C634 /* Assets.xcassets in Resources */,
			);
			runOnlyForDeploymentPostprocessing = 0;
		};
		D12495512A268A730063C634 /* Resources */ = {
			isa = PBXResourcesBuildPhase;
			buildActionMask = 2147483647;
			files = (
				91EDECD02A424B2E008E5CAA /* Sen-Regular.ttf in Resources */,
				91EDECCA2A424B2E008E5CAA /* Sen-Bold.ttf in Resources */,
				91EDECCD2A424B2E008E5CAA /* Sen-ExtraBold.ttf in Resources */,
			);
			runOnlyForDeploymentPostprocessing = 0;
		};
		D124955B2A268A730063C634 /* Resources */ = {
			isa = PBXResourcesBuildPhase;
			buildActionMask = 2147483647;
			files = (
				91EDECD12A424B2E008E5CAA /* Sen-Regular.ttf in Resources */,
				91EDECCB2A424B2E008E5CAA /* Sen-Bold.ttf in Resources */,
				91EDECCE2A424B2E008E5CAA /* Sen-ExtraBold.ttf in Resources */,
			);
			runOnlyForDeploymentPostprocessing = 0;
		};
/* End PBXResourcesBuildPhase section */

/* Begin PBXSourcesBuildPhase section */
		D124953F2A268A720063C634 /* Sources */ = {
			isa = PBXSourcesBuildPhase;
			buildActionMask = 2147483647;
			files = (
				91DB2B4E2A2A5FA300EC8176 /* ContentDirectoryHelper.swift in Sources */,
				4097FE012A2FCC15001EAB03 /* AudioPreviewComponent.swift in Sources */,
				91DB2B4E2A2A5FA300EC8176 /* ContentDirectoryHelper.swift in Sources */,
				912811F02A29275400010872 /* DateHelper.swift in Sources */,
				916E0FC82A268C2000F4FA87 /* RecordAudioPrototype.swift in Sources */,
				916E0FB42A268B3900F4FA87 /* AudioManager.swift in Sources */,
				401292872A40F155006DB4CF /* SplashScreenView.swift in Sources */,
				D1519E0E2A27E9D000CE84E1 /* TextViewModel.swift in Sources */,
				4074E0432A55FFBA00C5A46E /* TagView.swift in Sources */,
				43211D3B2A268DAC005C85E5 /* CameraRepresentable.swift in Sources */,
				D12495492A268A720063C634 /* ContentView.swift in Sources */,
				40E859562A3B8FC500F2BC0E /* MenuEditComponent.swift in Sources */,
				918E6A132A40CA800017CF1B /* BackAction.swift in Sources */,
				4097FE052A2FD3B3001EAB03 /* HomeView.swift in Sources */,
				438732F72A2694C000320451 /* PhotoModel.swift in Sources */,
				D1ECF5382A421A2600631333 /* ButtonFavoriteComponent.swift in Sources */,
				D135A6CD2A2690B2009C1938 /* TextRegisterView.swift in Sources */,
				D179E8CF2A549EB200E21A07 /* Tag.swift in Sources */,
				4097FDFD2A2FC7C7001EAB03 /* ImagePreviewComponent.swift in Sources */,
				918C7DC82A27EDB000C36A53 /* ColorHelper.swift in Sources */,
				40AAA7ED2A3103DE00943CBF /* SegmentedPickerComponent.swift in Sources */,
				912811EE2A291D1300010872 /* CheckAudioView.swift in Sources */,
				D12495492A268A720063C634 /* ContentView.swift in Sources */,
				438732F72A2694C000320451 /* PhotoModel.swift in Sources */,
				D135A6CD2A2690B2009C1938 /* TextRegisterView.swift in Sources */,
				4085CBAB2A30106A00DAC6CA /* ToolbarComponent.swift in Sources */,
				40497BAE2A32E68500E6D3B5 /* ButtonComponent.swift in Sources */,
				4097FDED2A2FC28A001EAB03 /* TextPreviewComponent.swift in Sources */,
				430A99872A27C8DD00D2F773 /* PhotoIdeaView.swift in Sources */,
				916E0FBE2A268BBE00F4FA87 /* Idea.swift in Sources */,
				4085CBAF2A302B9000DAC6CA /* FilterComponent.swift in Sources */,
				916E0FC32A268BEA00F4FA87 /* AudioIdea.swift in Sources */,
				40E8595C2A3BB6AD00F2BC0E /* PlaceholderComponent.swift in Sources */,
				916E0FC52A268C0400F4FA87 /* RecordAudio.swift in Sources */,
				918C7DC52A27D00900C36A53 /* AudioReprodutionComponent.swift in Sources */,
				D135A6D12A2690F8009C1938 /* EditRegisterView.swift in Sources */,
				430A99852A27C1C100D2F773 /* CameraViewModel.swift in Sources */,
				D135A6BD2A268FC6009C1938 /* ModelText.swift in Sources */,
				918C7DC32A27C29200C36A53 /* RecordAudioView.swift in Sources */,
				D135A6C32A26900F009C1938 /* AppState.swift in Sources */,
				40497BAC2A32E5F600E6D3B5 /* InfoView.swift in Sources */,
				D189F12F2A5C983C009F6488 /* IdeaTagViewerComponent.swift in Sources */,
				918C7DC12A27C1A700C36A53 /* HomeAudioPrototype.swift in Sources */,
				40497BAA2A31259900E6D3B5 /* ListRowComponent.swift in Sources */,
				D153ACD02A3B82D500DE9A79 /* IdeasViewModel.swift in Sources */,
				916E0FBC2A268BAA00F4FA87 /* IdeaSaver.swift in Sources */,
				D189F12D2A5C7A07009F6488 /* TagLabelComponent.swift in Sources */,
				4074E0452A5611C400C5A46E /* TagComponent.swift in Sources */,
				D12495472A268A720063C634 /* MacroChallengeApp.swift in Sources */,
				40E8595A2A3BAD2900F2BC0E /* CustomBackButtonComponent.swift in Sources */,
				4085CBAD2A30207200DAC6CA /* SearchBarComponent.swift in Sources */,
			);
			runOnlyForDeploymentPostprocessing = 0;
		};
		D124954F2A268A730063C634 /* Sources */ = {
			isa = PBXSourcesBuildPhase;
			buildActionMask = 2147483647;
			files = (
				4097FE022A2FCC15001EAB03 /* AudioPreviewComponent.swift in Sources */,
				916E0FCA2A268CAC00F4FA87 /* IdeaSaverTests.swift in Sources */,
				4097FE062A2FD3B3001EAB03 /* HomeView.swift in Sources */,
				4097FDFE2A2FC7C7001EAB03 /* ImagePreviewComponent.swift in Sources */,
				D12495582A268A730063C634 /* MacroChallengeTests.swift in Sources */,
				D1D409542A30B77B00F0B99B /* FavoriteIdeaSpec.swift in Sources */,
				91761CBC2A31231400BD1417 /* TextViewModelTests.swift in Sources */,
			);
			runOnlyForDeploymentPostprocessing = 0;
		};
		D12495592A268A730063C634 /* Sources */ = {
			isa = PBXSourcesBuildPhase;
			buildActionMask = 2147483647;
			files = (
				4097FDFF2A2FC7C7001EAB03 /* ImagePreviewComponent.swift in Sources */,
				4097FE032A2FCC15001EAB03 /* AudioPreviewComponent.swift in Sources */,
				D12495622A268A730063C634 /* MacroChallengeUITests.swift in Sources */,
				4097FE072A2FD3B3001EAB03 /* HomeView.swift in Sources */,
				D12495642A268A730063C634 /* MacroChallengeUITestsLaunchTests.swift in Sources */,
			);
			runOnlyForDeploymentPostprocessing = 0;
		};
/* End PBXSourcesBuildPhase section */

/* Begin PBXTargetDependency section */
		D12495552A268A730063C634 /* PBXTargetDependency */ = {
			isa = PBXTargetDependency;
			target = D12495422A268A720063C634 /* MacroChallenge */;
			targetProxy = D12495542A268A730063C634 /* PBXContainerItemProxy */;
		};
		D124955F2A268A730063C634 /* PBXTargetDependency */ = {
			isa = PBXTargetDependency;
			target = D12495422A268A720063C634 /* MacroChallenge */;
			targetProxy = D124955E2A268A730063C634 /* PBXContainerItemProxy */;
		};
/* End PBXTargetDependency section */

/* Begin PBXVariantGroup section */
		91C237142A4CD91600C9208C /* InfoPlist.strings */ = {
			isa = PBXVariantGroup;
			children = (
				91C237132A4CD91600C9208C /* en */,
				91C237152A4CD91900C9208C /* pt-BR */,
			);
			name = InfoPlist.strings;
			sourceTree = "<group>";
		};
		D153ACD52A3CDE9600DE9A79 /* Localizable.strings */ = {
			isa = PBXVariantGroup;
			children = (
				D153ACD42A3CDE9600DE9A79 /* en */,
				D153ACD62A3CDED200DE9A79 /* pt-BR */,
			);
			name = Localizable.strings;
			sourceTree = "<group>";
		};
/* End PBXVariantGroup section */

/* Begin XCBuildConfiguration section */
		D12495652A268A730063C634 /* Debug */ = {
			isa = XCBuildConfiguration;
			buildSettings = {
				ALWAYS_SEARCH_USER_PATHS = NO;
				CLANG_ANALYZER_LOCALIZABILITY_NONLOCALIZED = YES;
				CLANG_ANALYZER_NONNULL = YES;
				CLANG_ANALYZER_NUMBER_OBJECT_CONVERSION = YES_AGGRESSIVE;
				CLANG_CXX_LANGUAGE_STANDARD = "gnu++20";
				CLANG_ENABLE_MODULES = YES;
				CLANG_ENABLE_OBJC_ARC = YES;
				CLANG_ENABLE_OBJC_WEAK = YES;
				CLANG_WARN_BLOCK_CAPTURE_AUTORELEASING = YES;
				CLANG_WARN_BOOL_CONVERSION = YES;
				CLANG_WARN_COMMA = YES;
				CLANG_WARN_CONSTANT_CONVERSION = YES;
				CLANG_WARN_DEPRECATED_OBJC_IMPLEMENTATIONS = YES;
				CLANG_WARN_DIRECT_OBJC_ISA_USAGE = YES_ERROR;
				CLANG_WARN_DOCUMENTATION_COMMENTS = YES;
				CLANG_WARN_EMPTY_BODY = YES;
				CLANG_WARN_ENUM_CONVERSION = YES;
				CLANG_WARN_INFINITE_RECURSION = YES;
				CLANG_WARN_INT_CONVERSION = YES;
				CLANG_WARN_NON_LITERAL_NULL_CONVERSION = YES;
				CLANG_WARN_OBJC_IMPLICIT_RETAIN_SELF = YES;
				CLANG_WARN_OBJC_LITERAL_CONVERSION = YES;
				CLANG_WARN_OBJC_ROOT_CLASS = YES_ERROR;
				CLANG_WARN_QUOTED_INCLUDE_IN_FRAMEWORK_HEADER = YES;
				CLANG_WARN_RANGE_LOOP_ANALYSIS = YES;
				CLANG_WARN_STRICT_PROTOTYPES = YES;
				CLANG_WARN_SUSPICIOUS_MOVE = YES;
				CLANG_WARN_UNGUARDED_AVAILABILITY = YES_AGGRESSIVE;
				CLANG_WARN_UNREACHABLE_CODE = YES;
				CLANG_WARN__DUPLICATE_METHOD_MATCH = YES;
				COPY_PHASE_STRIP = NO;
				DEBUG_INFORMATION_FORMAT = dwarf;
				ENABLE_STRICT_OBJC_MSGSEND = YES;
				ENABLE_TESTABILITY = YES;
				GCC_C_LANGUAGE_STANDARD = gnu11;
				GCC_DYNAMIC_NO_PIC = NO;
				GCC_NO_COMMON_BLOCKS = YES;
				GCC_OPTIMIZATION_LEVEL = 0;
				GCC_PREPROCESSOR_DEFINITIONS = (
					"DEBUG=1",
					"$(inherited)",
				);
				GCC_WARN_64_TO_32_BIT_CONVERSION = YES;
				GCC_WARN_ABOUT_RETURN_TYPE = YES_ERROR;
				GCC_WARN_UNDECLARED_SELECTOR = YES;
				GCC_WARN_UNINITIALIZED_AUTOS = YES_AGGRESSIVE;
				GCC_WARN_UNUSED_FUNCTION = YES;
				GCC_WARN_UNUSED_VARIABLE = YES;
				IPHONEOS_DEPLOYMENT_TARGET = 15.0;
				MTL_ENABLE_DEBUG_INFO = INCLUDE_SOURCE;
				MTL_FAST_MATH = YES;
				ONLY_ACTIVE_ARCH = YES;
				SDKROOT = iphoneos;
				SWIFT_ACTIVE_COMPILATION_CONDITIONS = DEBUG;
				SWIFT_OPTIMIZATION_LEVEL = "-Onone";
			};
			name = Debug;
		};
		D12495662A268A730063C634 /* Release */ = {
			isa = XCBuildConfiguration;
			buildSettings = {
				ALWAYS_SEARCH_USER_PATHS = NO;
				CLANG_ANALYZER_LOCALIZABILITY_NONLOCALIZED = YES;
				CLANG_ANALYZER_NONNULL = YES;
				CLANG_ANALYZER_NUMBER_OBJECT_CONVERSION = YES_AGGRESSIVE;
				CLANG_CXX_LANGUAGE_STANDARD = "gnu++20";
				CLANG_ENABLE_MODULES = YES;
				CLANG_ENABLE_OBJC_ARC = YES;
				CLANG_ENABLE_OBJC_WEAK = YES;
				CLANG_WARN_BLOCK_CAPTURE_AUTORELEASING = YES;
				CLANG_WARN_BOOL_CONVERSION = YES;
				CLANG_WARN_COMMA = YES;
				CLANG_WARN_CONSTANT_CONVERSION = YES;
				CLANG_WARN_DEPRECATED_OBJC_IMPLEMENTATIONS = YES;
				CLANG_WARN_DIRECT_OBJC_ISA_USAGE = YES_ERROR;
				CLANG_WARN_DOCUMENTATION_COMMENTS = YES;
				CLANG_WARN_EMPTY_BODY = YES;
				CLANG_WARN_ENUM_CONVERSION = YES;
				CLANG_WARN_INFINITE_RECURSION = YES;
				CLANG_WARN_INT_CONVERSION = YES;
				CLANG_WARN_NON_LITERAL_NULL_CONVERSION = YES;
				CLANG_WARN_OBJC_IMPLICIT_RETAIN_SELF = YES;
				CLANG_WARN_OBJC_LITERAL_CONVERSION = YES;
				CLANG_WARN_OBJC_ROOT_CLASS = YES_ERROR;
				CLANG_WARN_QUOTED_INCLUDE_IN_FRAMEWORK_HEADER = YES;
				CLANG_WARN_RANGE_LOOP_ANALYSIS = YES;
				CLANG_WARN_STRICT_PROTOTYPES = YES;
				CLANG_WARN_SUSPICIOUS_MOVE = YES;
				CLANG_WARN_UNGUARDED_AVAILABILITY = YES_AGGRESSIVE;
				CLANG_WARN_UNREACHABLE_CODE = YES;
				CLANG_WARN__DUPLICATE_METHOD_MATCH = YES;
				COPY_PHASE_STRIP = NO;
				DEBUG_INFORMATION_FORMAT = "dwarf-with-dsym";
				ENABLE_NS_ASSERTIONS = NO;
				ENABLE_STRICT_OBJC_MSGSEND = YES;
				GCC_C_LANGUAGE_STANDARD = gnu11;
				GCC_NO_COMMON_BLOCKS = YES;
				GCC_WARN_64_TO_32_BIT_CONVERSION = YES;
				GCC_WARN_ABOUT_RETURN_TYPE = YES_ERROR;
				GCC_WARN_UNDECLARED_SELECTOR = YES;
				GCC_WARN_UNINITIALIZED_AUTOS = YES_AGGRESSIVE;
				GCC_WARN_UNUSED_FUNCTION = YES;
				GCC_WARN_UNUSED_VARIABLE = YES;
				IPHONEOS_DEPLOYMENT_TARGET = 15.0;
				MTL_ENABLE_DEBUG_INFO = NO;
				MTL_FAST_MATH = YES;
				SDKROOT = iphoneos;
				SWIFT_COMPILATION_MODE = wholemodule;
				SWIFT_OPTIMIZATION_LEVEL = "-O";
				VALIDATE_PRODUCT = YES;
			};
			name = Release;
		};
		D12495682A268A730063C634 /* Debug */ = {
			isa = XCBuildConfiguration;
			buildSettings = {
				ASSETCATALOG_COMPILER_APPICON_NAME = AppIcon;
				ASSETCATALOG_COMPILER_GLOBAL_ACCENT_COLOR_NAME = AccentColor;
				CODE_SIGN_STYLE = Automatic;
				CURRENT_PROJECT_VERSION = 1;
				DEVELOPMENT_ASSET_PATHS = "\"MacroChallenge/Essentials/Preview Content\"";
				DEVELOPMENT_TEAM = 66824UF4JS;
				ENABLE_PREVIEWS = YES;
				GENERATE_INFOPLIST_FILE = YES;
				INFOPLIST_FILE = MacroChallenge/Info.plist;
				INFOPLIST_KEY_CFBundleDisplayName = Ideeo;
				INFOPLIST_KEY_NSCameraUsageDescription = "";
				INFOPLIST_KEY_NSMicrophoneUsageDescription = "";
				INFOPLIST_KEY_UIApplicationSceneManifest_Generation = YES;
				INFOPLIST_KEY_UIApplicationSupportsIndirectInputEvents = YES;
				INFOPLIST_KEY_UILaunchScreen_Generation = YES;
				INFOPLIST_KEY_UISupportedInterfaceOrientations_iPad = "UIInterfaceOrientationPortrait UIInterfaceOrientationPortraitUpsideDown UIInterfaceOrientationLandscapeLeft UIInterfaceOrientationLandscapeRight";
				INFOPLIST_KEY_UISupportedInterfaceOrientations_iPhone = "UIInterfaceOrientationPortrait UIInterfaceOrientationLandscapeLeft UIInterfaceOrientationLandscapeRight";
				IPHONEOS_DEPLOYMENT_TARGET = 15.0;
				LD_RUNPATH_SEARCH_PATHS = (
					"$(inherited)",
					"@executable_path/Frameworks",
				);
				MARKETING_VERSION = 1.0;
				PRODUCT_BUNDLE_IDENTIFIER = com.macro.Ideeo;
				PRODUCT_NAME = "$(TARGET_NAME)";
				SWIFT_EMIT_LOC_STRINGS = YES;
				SWIFT_VERSION = 5.0;
				TARGETED_DEVICE_FAMILY = "1,2";
			};
			name = Debug;
		};
		D12495692A268A730063C634 /* Release */ = {
			isa = XCBuildConfiguration;
			buildSettings = {
				ASSETCATALOG_COMPILER_APPICON_NAME = AppIcon;
				ASSETCATALOG_COMPILER_GLOBAL_ACCENT_COLOR_NAME = AccentColor;
				CODE_SIGN_STYLE = Automatic;
				CURRENT_PROJECT_VERSION = 1;
				DEVELOPMENT_ASSET_PATHS = "\"MacroChallenge/Essentials/Preview Content\"";
				DEVELOPMENT_TEAM = 66824UF4JS;
				ENABLE_PREVIEWS = YES;
				GENERATE_INFOPLIST_FILE = YES;
				INFOPLIST_FILE = MacroChallenge/Info.plist;
				INFOPLIST_KEY_CFBundleDisplayName = Ideeo;
				INFOPLIST_KEY_NSCameraUsageDescription = "";
				INFOPLIST_KEY_NSMicrophoneUsageDescription = "";
				INFOPLIST_KEY_UIApplicationSceneManifest_Generation = YES;
				INFOPLIST_KEY_UIApplicationSupportsIndirectInputEvents = YES;
				INFOPLIST_KEY_UILaunchScreen_Generation = YES;
				INFOPLIST_KEY_UISupportedInterfaceOrientations_iPad = "UIInterfaceOrientationPortrait UIInterfaceOrientationPortraitUpsideDown UIInterfaceOrientationLandscapeLeft UIInterfaceOrientationLandscapeRight";
				INFOPLIST_KEY_UISupportedInterfaceOrientations_iPhone = "UIInterfaceOrientationPortrait UIInterfaceOrientationLandscapeLeft UIInterfaceOrientationLandscapeRight";
				IPHONEOS_DEPLOYMENT_TARGET = 15.0;
				LD_RUNPATH_SEARCH_PATHS = (
					"$(inherited)",
					"@executable_path/Frameworks",
				);
				MARKETING_VERSION = 1.0;
				PRODUCT_BUNDLE_IDENTIFIER = com.macro.Ideeo;
				PRODUCT_NAME = "$(TARGET_NAME)";
				SWIFT_EMIT_LOC_STRINGS = YES;
				SWIFT_VERSION = 5.0;
				TARGETED_DEVICE_FAMILY = "1,2";
			};
			name = Release;
		};
		D124956B2A268A730063C634 /* Debug */ = {
			isa = XCBuildConfiguration;
			buildSettings = {
				ALWAYS_EMBED_SWIFT_STANDARD_LIBRARIES = YES;
				BUNDLE_LOADER = "$(TEST_HOST)";
				CODE_SIGN_STYLE = Automatic;
				CURRENT_PROJECT_VERSION = 1;
				DEVELOPMENT_TEAM = V32Q5HA7F8;
				GENERATE_INFOPLIST_FILE = YES;
				IPHONEOS_DEPLOYMENT_TARGET = 16.4;
				MARKETING_VERSION = 1.0;
				PRODUCT_BUNDLE_IDENTIFIER = macro01.MacroChallengeTests;
				PRODUCT_NAME = "$(TARGET_NAME)";
				SWIFT_EMIT_LOC_STRINGS = NO;
				SWIFT_VERSION = 5.0;
				TARGETED_DEVICE_FAMILY = "1,2";
				TEST_HOST = "$(BUILT_PRODUCTS_DIR)/MacroChallenge.app/$(BUNDLE_EXECUTABLE_FOLDER_PATH)/MacroChallenge";
			};
			name = Debug;
		};
		D124956C2A268A730063C634 /* Release */ = {
			isa = XCBuildConfiguration;
			buildSettings = {
				ALWAYS_EMBED_SWIFT_STANDARD_LIBRARIES = YES;
				BUNDLE_LOADER = "$(TEST_HOST)";
				CODE_SIGN_STYLE = Automatic;
				CURRENT_PROJECT_VERSION = 1;
				DEVELOPMENT_TEAM = V32Q5HA7F8;
				GENERATE_INFOPLIST_FILE = YES;
				IPHONEOS_DEPLOYMENT_TARGET = 16.4;
				MARKETING_VERSION = 1.0;
				PRODUCT_BUNDLE_IDENTIFIER = macro01.MacroChallengeTests;
				PRODUCT_NAME = "$(TARGET_NAME)";
				SWIFT_EMIT_LOC_STRINGS = NO;
				SWIFT_VERSION = 5.0;
				TARGETED_DEVICE_FAMILY = "1,2";
				TEST_HOST = "$(BUILT_PRODUCTS_DIR)/MacroChallenge.app/$(BUNDLE_EXECUTABLE_FOLDER_PATH)/MacroChallenge";
			};
			name = Release;
		};
		D124956E2A268A730063C634 /* Debug */ = {
			isa = XCBuildConfiguration;
			buildSettings = {
				ALWAYS_EMBED_SWIFT_STANDARD_LIBRARIES = YES;
				CODE_SIGN_STYLE = Automatic;
				CURRENT_PROJECT_VERSION = 1;
				DEVELOPMENT_TEAM = V32Q5HA7F8;
				GENERATE_INFOPLIST_FILE = YES;
				MARKETING_VERSION = 1.0;
				PRODUCT_BUNDLE_IDENTIFIER = macro01.MacroChallengeUITests;
				PRODUCT_NAME = "$(TARGET_NAME)";
				SWIFT_EMIT_LOC_STRINGS = NO;
				SWIFT_VERSION = 5.0;
				TARGETED_DEVICE_FAMILY = "1,2";
				TEST_TARGET_NAME = MacroChallenge;
			};
			name = Debug;
		};
		D124956F2A268A730063C634 /* Release */ = {
			isa = XCBuildConfiguration;
			buildSettings = {
				ALWAYS_EMBED_SWIFT_STANDARD_LIBRARIES = YES;
				CODE_SIGN_STYLE = Automatic;
				CURRENT_PROJECT_VERSION = 1;
				DEVELOPMENT_TEAM = V32Q5HA7F8;
				GENERATE_INFOPLIST_FILE = YES;
				MARKETING_VERSION = 1.0;
				PRODUCT_BUNDLE_IDENTIFIER = macro01.MacroChallengeUITests;
				PRODUCT_NAME = "$(TARGET_NAME)";
				SWIFT_EMIT_LOC_STRINGS = NO;
				SWIFT_VERSION = 5.0;
				TARGETED_DEVICE_FAMILY = "1,2";
				TEST_TARGET_NAME = MacroChallenge;
			};
			name = Release;
		};
/* End XCBuildConfiguration section */

/* Begin XCConfigurationList section */
		D124953E2A268A720063C634 /* Build configuration list for PBXProject "MacroChallenge" */ = {
			isa = XCConfigurationList;
			buildConfigurations = (
				D12495652A268A730063C634 /* Debug */,
				D12495662A268A730063C634 /* Release */,
			);
			defaultConfigurationIsVisible = 0;
			defaultConfigurationName = Release;
		};
		D12495672A268A730063C634 /* Build configuration list for PBXNativeTarget "MacroChallenge" */ = {
			isa = XCConfigurationList;
			buildConfigurations = (
				D12495682A268A730063C634 /* Debug */,
				D12495692A268A730063C634 /* Release */,
			);
			defaultConfigurationIsVisible = 0;
			defaultConfigurationName = Release;
		};
		D124956A2A268A730063C634 /* Build configuration list for PBXNativeTarget "MacroChallengeTests" */ = {
			isa = XCConfigurationList;
			buildConfigurations = (
				D124956B2A268A730063C634 /* Debug */,
				D124956C2A268A730063C634 /* Release */,
			);
			defaultConfigurationIsVisible = 0;
			defaultConfigurationName = Release;
		};
		D124956D2A268A730063C634 /* Build configuration list for PBXNativeTarget "MacroChallengeUITests" */ = {
			isa = XCConfigurationList;
			buildConfigurations = (
				D124956E2A268A730063C634 /* Debug */,
				D124956F2A268A730063C634 /* Release */,
			);
			defaultConfigurationIsVisible = 0;
			defaultConfigurationName = Release;
		};
/* End XCConfigurationList section */
	};
	rootObject = D124953B2A268A720063C634 /* Project object */;
}
